{
  "object": {
    "pins": [
      {
        "package": "AEXML",
        "repositoryURL": "https://github.com/tadija/AEXML.git",
        "state": {
          "branch": null,
          "revision": "38f7d00b23ecd891e1ee656fa6aeebd6ba04ecc3",
          "version": "4.6.1"
        }
      },
      {
        "package": "DTCoreText",
        "repositoryURL": "https://github.com/Cocoanetics/DTCoreText",
        "state": {
          "branch": null,
          "revision": "b664664825da565b4c2b7a17dbe2369f68ae43d9",
          "version": "1.6.26"
        }
      },
      {
        "package": "DTFoundation",
        "repositoryURL": "https://github.com/Cocoanetics/DTFoundation.git",
        "state": {
          "branch": null,
          "revision": "76062513434421cb6c8a1ae1d4f8368a7ebc2da3",
          "version": "1.7.18"
        }
      },
      {
        "package": "FMDB",
        "repositoryURL": "https://github.com/ccgus/fmdb",
        "state": {
          "branch": null,
          "revision": "61e51fde7f7aab6554f30ab061cc588b28a97d04",
          "version": "2.7.7"
        }
      },
      {
        "package": "PKHUD",
        "repositoryURL": "https://github.com/pkluz/PKHUD",
        "state": {
          "branch": null,
          "revision": "8fd26f23057c6bebd6695524b1c3e05e93aba571",
          "version": "5.4.0"
        }
      },
      {
        "package": "Reachability",
        "repositoryURL": "https://github.com/ashleymills/Reachability.swift",
        "state": {
          "branch": null,
          "revision": "c01bbdf2d633cf049ae1ed1a68a2020a8bda32e2",
          "version": "5.1.0"
        }
      },
      {
        "package": "SnapKit",
        "repositoryURL": "https://github.com/SnapKit/SnapKit",
        "state": {
          "branch": null,
          "revision": "d458564516e5676af9c70b4f4b2a9178294f1bc6",
          "version": "5.0.1"
        }
      },
      {
        "package": "ZipArchive",
        "repositoryURL": "https://github.com/ZipArchive/ZipArchive.git",
        "state": {
          "branch": null,
          "revision": "825ff12a74a94c54e737e279604c27e6740e8a2c",
          "version": "2.4.2"
        }
      }
    ]
  },
  "version": 1
}
